lockfileVersion: '9.0'

settings:
  autoInstallPeers: true
  excludeLinksFromLockfile: false

importers:

  .:
    dependencies:
      '@getbugflow/annotator-core':
        specifier: ^0.6.0
        version: 0.6.0(konva@9.3.22)
      hotkeys-js:
        specifier: ^3.13.15
        version: 3.13.15
      konva:
        specifier: ^9
        version: 9.3.22
      modern-screenshot:
        specifier: ^4.6.6
        version: 4.7.0

packages:

  '@getbugflow/annotator-core@0.6.0':
    resolution: {integrity: sha512-wiragbD+nFOII394iTbsAMfLvoupkZDoWsCaN9s82+hyA2qqg9zEfn5rYEBhI3zbDqSVsBdDiYBexsCVOgJ+MA==}
    peerDependencies:
      konva: ^9.0.0

  hotkeys-js@3.13.15:
    resolution: {integrity: sha512-gHh8a/cPTCpanraePpjRxyIlxDFrIhYqjuh01UHWEwDpglJKCnvLW8kqSx5gQtOuSsJogNZXLhOdbSExpgUiqg==}

  konva@9.3.22:
    resolution: {integrity: sha512-yQI5d1bmELlD/fowuyfOp9ff+oamg26WOCkyqUyc+nczD/lhRa3EvD2MZOoc4c1293TAubW9n34fSQLgSeEgSw==}

  modern-screenshot@4.7.0:
    resolution: {integrity: sha512-9YxN+ddPSMMlhylOv25VHzXrl9u67QRxoh7+SEewGtgUw7t6hHTrjptSDJUSne9oG4Xk/h2cwG15nIt4Hc9ujg==}

snapshots:

  '@getbugflow/annotator-core@0.6.0(konva@9.3.22)':
    dependencies:
      konva: 9.3.22

  hotkeys-js@3.13.15: {}

  konva@9.3.22: {}

  modern-screenshot@4.7.0: {}
